// !$*UTF8*$!
{
	archiveVersion = 1;
	classes = {
	};
	objectVersion = 56;
	objects = {

/* Begin PBXBuildFile section */
		3F43F16F2C6CF00E00E98364 /* firstSwiftAppsApp.swift in Sources */ = {isa = PBXBuildFile; fileRef = 3F43F16E2C6CF00E00E98364 /* firstSwiftAppsApp.swift */; };
		3F43F1732C6CF01000E98364 /* Assets.xcassets in Resources */ = {isa = PBXBuildFile; fileRef = 3F43F1722C6CF01000E98364 /* Assets.xcassets */; };
		3F43F1762C6CF01000E98364 /* Preview Assets.xcassets in Resources */ = {isa = PBXBuildFile; fileRef = 3F43F1752C6CF01000E98364 /* Preview Assets.xcassets */; };
		3F43F17E2C6CF0E600E98364 /* HomeView.swift in Sources */ = {isa = PBXBuildFile; fileRef = 3F43F17D2C6CF0E600E98364 /* HomeView.swift */; };
		3F43F1812C6CF22200E98364 /* NewsResponse.swift in Sources */ = {isa = PBXBuildFile; fileRef = 3F43F1802C6CF22200E98364 /* NewsResponse.swift */; };
		3F43F1842C6CF34F00E98364 /* NewsEndpoint.swift in Sources */ = {isa = PBXBuildFile; fileRef = 3F43F1832C6CF34F00E98364 /* NewsEndpoint.swift */; };
		3F43F1872C6CF46300E98364 /* APIError.swift in Sources */ = {isa = PBXBuildFile; fileRef = 3F43F1862C6CF46300E98364 /* APIError.swift */; };
		3F43F18A2C6CF53400E98364 /* NewsService.swift in Sources */ = {isa = PBXBuildFile; fileRef = 3F43F1892C6CF53400E98364 /* NewsService.swift */; };
		3F43F18D2C6CF80800E98364 /* ResultState.swift in Sources */ = {isa = PBXBuildFile; fileRef = 3F43F18C2C6CF80800E98364 /* ResultState.swift */; };
		3F43F1902C6CF8AC00E98364 /* NewsVM.swift in Sources */ = {isa = PBXBuildFile; fileRef = 3F43F18F2C6CF8AC00E98364 /* NewsVM.swift */; };
		3F43F1932C6CFE0B00E98364 /* Constant.swift in Sources */ = {isa = PBXBuildFile; fileRef = 3F43F1922C6CFE0B00E98364 /* Constant.swift */; };
		3F43F1962C6D00B200E98364 /* URLImage in Frameworks */ = {isa = PBXBuildFile; productRef = 3F43F1952C6D00B200E98364 /* URLImage */; };
		3F43F1982C6D00B200E98364 /* URLImageStore in Frameworks */ = {isa = PBXBuildFile; productRef = 3F43F1972C6D00B200E98364 /* URLImageStore */; };
		3F43F19A2C6D00DC00E98364 /* ArticleView.swift in Sources */ = {isa = PBXBuildFile; fileRef = 3F43F1992C6D00DC00E98364 /* ArticleView.swift */; };
		3F43F19C2C6D065F00E98364 /* ErrorView.swift in Sources */ = {isa = PBXBuildFile; fileRef = 3F43F19B2C6D065F00E98364 /* ErrorView.swift */; };
/* End PBXBuildFile section */

/* Begin PBXFileReference section */
		3F43F16B2C6CF00E00E98364 /* firstSwiftApps.app */ = {isa = PBXFileReference; explicitFileType = wrapper.application; includeInIndex = 0; path = firstSwiftApps.app; sourceTree = BUILT_PRODUCTS_DIR; };
		3F43F16E2C6CF00E00E98364 /* firstSwiftAppsApp.swift */ = {isa = PBXFileReference; lastKnownFileType = sourcecode.swift; path = firstSwiftAppsApp.swift; sourceTree = "<group>"; };
		3F43F1722C6CF01000E98364 /* Assets.xcassets */ = {isa = PBXFileReference; lastKnownFileType = folder.assetcatalog; path = Assets.xcassets; sourceTree = "<group>"; };
		3F43F1752C6CF01000E98364 /* Preview Assets.xcassets */ = {isa = PBXFileReference; lastKnownFileType = folder.assetcatalog; path = "Preview Assets.xcassets"; sourceTree = "<group>"; };
		3F43F17D2C6CF0E600E98364 /* HomeView.swift */ = {isa = PBXFileReference; lastKnownFileType = sourcecode.swift; path = HomeView.swift; sourceTree = "<group>"; };
		3F43F1802C6CF22200E98364 /* NewsResponse.swift */ = {isa = PBXFileReference; lastKnownFileType = sourcecode.swift; path = NewsResponse.swift; sourceTree = "<group>"; };
		3F43F1832C6CF34F00E98364 /* NewsEndpoint.swift */ = {isa = PBXFileReference; lastKnownFileType = sourcecode.swift; path = NewsEndpoint.swift; sourceTree = "<group>"; };
		3F43F1862C6CF46300E98364 /* APIError.swift */ = {isa = PBXFileReference; lastKnownFileType = sourcecode.swift; path = APIError.swift; sourceTree = "<group>"; };
		3F43F1892C6CF53400E98364 /* NewsService.swift */ = {isa = PBXFileReference; lastKnownFileType = sourcecode.swift; path = NewsService.swift; sourceTree = "<group>"; };
		3F43F18C2C6CF80800E98364 /* ResultState.swift */ = {isa = PBXFileReference; lastKnownFileType = sourcecode.swift; path = ResultState.swift; sourceTree = "<group>"; };
		3F43F18F2C6CF8AC00E98364 /* NewsVM.swift */ = {isa = PBXFileReference; lastKnownFileType = sourcecode.swift; path = NewsVM.swift; sourceTree = "<group>"; };
		3F43F1922C6CFE0B00E98364 /* Constant.swift */ = {isa = PBXFileReference; lastKnownFileType = sourcecode.swift; path = Constant.swift; sourceTree = "<group>"; };
		3F43F1992C6D00DC00E98364 /* ArticleView.swift */ = {isa = PBXFileReference; lastKnownFileType = sourcecode.swift; path = ArticleView.swift; sourceTree = "<group>"; };
		3F43F19B2C6D065F00E98364 /* ErrorView.swift */ = {isa = PBXFileReference; lastKnownFileType = sourcecode.swift; path = ErrorView.swift; sourceTree = "<group>"; };
/* End PBXFileReference section */

/* Begin PBXFrameworksBuildPhase section */
		3F43F1682C6CF00E00E98364 /* Frameworks */ = {
			isa = PBXFrameworksBuildPhase;
			buildActionMask = 2147483647;
			files = (
				3F43F1982C6D00B200E98364 /* URLImageStore in Frameworks */,
				3F43F1962C6D00B200E98364 /* URLImage in Frameworks */,
			);
			runOnlyForDeploymentPostprocessing = 0;
		};
/* End PBXFrameworksBuildPhase section */

/* Begin PBXGroup section */
		3F43F1622C6CF00E00E98364 = {
			isa = PBXGroup;
			children = (
				3F43F16D2C6CF00E00E98364 /* firstSwiftApps */,
				3F43F16C2C6CF00E00E98364 /* Products */,
			);
			sourceTree = "<group>";
		};
		3F43F16C2C6CF00E00E98364 /* Products */ = {
			isa = PBXGroup;
			children = (
				3F43F16B2C6CF00E00E98364 /* firstSwiftApps.app */,
			);
			name = Products;
			sourceTree = "<group>";
		};
		3F43F16D2C6CF00E00E98364 /* firstSwiftApps */ = {
			isa = PBXGroup;
			children = (
				3F43F1912C6CFDF800E98364 /* Const */,
				3F43F18E2C6CF88C00E98364 /* ViewModel */,
				3F43F18B2C6CF7F600E98364 /* State */,
				3F43F1882C6CF51900E98364 /* Service */,
				3F43F1852C6CF45500E98364 /* Error */,
				3F43F1822C6CF34600E98364 /* Package */,
				3F43F17F2C6CF20B00E98364 /* Model */,
				3F43F17C2C6CF0C800E98364 /* Views */,
				3F43F16E2C6CF00E00E98364 /* firstSwiftAppsApp.swift */,
				3F43F1722C6CF01000E98364 /* Assets.xcassets */,
				3F43F1742C6CF01000E98364 /* Preview Content */,
			);
			path = firstSwiftApps;
			sourceTree = "<group>";
		};
		3F43F1742C6CF01000E98364 /* Preview Content */ = {
			isa = PBXGroup;
			children = (
				3F43F1752C6CF01000E98364 /* Preview Assets.xcassets */,
			);
			path = "Preview Content";
			sourceTree = "<group>";
		};
		3F43F17C2C6CF0C800E98364 /* Views */ = {
			isa = PBXGroup;
			children = (
				3F43F17D2C6CF0E600E98364 /* HomeView.swift */,
				3F43F1992C6D00DC00E98364 /* ArticleView.swift */,
				3F43F19B2C6D065F00E98364 /* ErrorView.swift */,
			);
			path = Views;
			sourceTree = "<group>";
		};
		3F43F17F2C6CF20B00E98364 /* Model */ = {
			isa = PBXGroup;
			children = (
				3F43F1802C6CF22200E98364 /* NewsResponse.swift */,
			);
			path = Model;
			sourceTree = "<group>";
		};
		3F43F1822C6CF34600E98364 /* Package */ = {
			isa = PBXGroup;
			children = (
				3F43F1832C6CF34F00E98364 /* NewsEndpoint.swift */,
			);
			path = Package;
			sourceTree = "<group>";
		};
		3F43F1852C6CF45500E98364 /* Error */ = {
			isa = PBXGroup;
			children = (
				3F43F1862C6CF46300E98364 /* APIError.swift */,
			);
			path = Error;
			sourceTree = "<group>";
		};
		3F43F1882C6CF51900E98364 /* Service */ = {
			isa = PBXGroup;
			children = (
				3F43F1892C6CF53400E98364 /* NewsService.swift */,
			);
			path = Service;
			sourceTree = "<group>";
		};
		3F43F18B2C6CF7F600E98364 /* State */ = {
			isa = PBXGroup;
			children = (
				3F43F18C2C6CF80800E98364 /* ResultState.swift */,
			);
			path = State;
			sourceTree = "<group>";
		};
		3F43F18E2C6CF88C00E98364 /* ViewModel */ = {
			isa = PBXGroup;
			children = (
				3F43F18F2C6CF8AC00E98364 /* NewsVM.swift */,
			);
			path = ViewModel;
			sourceTree = "<group>";
		};
		3F43F1912C6CFDF800E98364 /* Const */ = {
			isa = PBXGroup;
			children = (
				3F43F1922C6CFE0B00E98364 /* Constant.swift */,
			);
			path = Const;
			sourceTree = "<group>";
		};
/* End PBXGroup section */

/* Begin PBXNativeTarget section */
		3F43F16A2C6CF00E00E98364 /* firstSwiftApps */ = {
			isa = PBXNativeTarget;
			buildConfigurationList = 3F43F1792C6CF01000E98364 /* Build configuration list for PBXNativeTarget "firstSwiftApps" */;
			buildPhases = (
				3F43F1672C6CF00E00E98364 /* Sources */,
				3F43F1682C6CF00E00E98364 /* Frameworks */,
				3F43F1692C6CF00E00E98364 /* Resources */,
			);
			buildRules = (
			);
			dependencies = (
			);
			name = firstSwiftApps;
			packageProductDependencies = (
				3F43F1952C6D00B200E98364 /* URLImage */,
				3F43F1972C6D00B200E98364 /* URLImageStore */,
			);
			productName = firstSwiftApps;
			productReference = 3F43F16B2C6CF00E00E98364 /* firstSwiftApps.app */;
			productType = "com.apple.product-type.application";
		};
/* End PBXNativeTarget section */

/* Begin PBXProject section */
		3F43F1632C6CF00E00E98364 /* Project object */ = {
			isa = PBXProject;
			attributes = {
				BuildIndependentTargetsInParallel = 1;
				LastSwiftUpdateCheck = 1520;
				LastUpgradeCheck = 1520;
				TargetAttributes = {
					3F43F16A2C6CF00E00E98364 = {
						CreatedOnToolsVersion = 15.2;
					};
				};
			};
			buildConfigurationList = 3F43F1662C6CF00E00E98364 /* Build configuration list for PBXProject "firstSwiftApps" */;
			compatibilityVersion = "Xcode 14.0";
			developmentRegion = en;
			hasScannedForEncodings = 0;
			knownRegions = (
				en,
				Base,
			);
			mainGroup = 3F43F1622C6CF00E00E98364;
			packageReferences = (
				3F43F1942C6D00B200E98364 /* XCRemoteSwiftPackageReference "url-image" */,
			);
			productRefGroup = 3F43F16C2C6CF00E00E98364 /* Products */;
			projectDirPath = "";
			projectRoot = "";
			targets = (
				3F43F16A2C6CF00E00E98364 /* firstSwiftApps */,
			);
		};
/* End PBXProject section */

/* Begin PBXResourcesBuildPhase section */
		3F43F1692C6CF00E00E98364 /* Resources */ = {
			isa = PBXResourcesBuildPhase;
			buildActionMask = 2147483647;
			files = (
				3F43F1762C6CF01000E98364 /* Preview Assets.xcassets in Resources */,
				3F43F1732C6CF01000E98364 /* Assets.xcassets in Resources */,
			);
			runOnlyForDeploymentPostprocessing = 0;
		};
/* End PBXResourcesBuildPhase section */

/* Begin PBXSourcesBuildPhase section */
		3F43F1672C6CF00E00E98364 /* Sources */ = {
			isa = PBXSourcesBuildPhase;
			buildActionMask = 2147483647;
			files = (
				3F43F18D2C6CF80800E98364 /* ResultState.swift in Sources */,
				3F43F18A2C6CF53400E98364 /* NewsService.swift in Sources */,
				3F43F1932C6CFE0B00E98364 /* Constant.swift in Sources */,
				3F43F17E2C6CF0E600E98364 /* HomeView.swift in Sources */,
				3F43F16F2C6CF00E00E98364 /* firstSwiftAppsApp.swift in Sources */,
				3F43F1842C6CF34F00E98364 /* NewsEndpoint.swift in Sources */,
				3F43F1872C6CF46300E98364 /* APIError.swift in Sources */,
				3F43F19A2C6D00DC00E98364 /* ArticleView.swift in Sources */,
				3F43F1812C6CF22200E98364 /* NewsResponse.swift in Sources */,
				3F43F1902C6CF8AC00E98364 /* NewsVM.swift in Sources */,
				3F43F19C2C6D065F00E98364 /* ErrorView.swift in Sources */,
			);
			runOnlyForDeploymentPostprocessing = 0;
		};
/* End PBXSourcesBuildPhase section */

/* Begin XCBuildConfiguration section */
		3F43F1772C6CF01000E98364 /* Debug */ = {
			isa = XCBuildConfiguration;
			buildSettings = {
				ALWAYS_SEARCH_USER_PATHS = NO;
				ASSETCATALOG_COMPILER_GENERATE_SWIFT_ASSET_SYMBOL_EXTENSIONS = YES;
				CLANG_ANALYZER_NONNULL = YES;
				CLANG_ANALYZER_NUMBER_OBJECT_CONVERSION = YES_AGGRESSIVE;
				CLANG_CXX_LANGUAGE_STANDARD = "gnu++20";
				CLANG_ENABLE_MODULES = YES;
				CLANG_ENABLE_OBJC_ARC = YES;
				CLANG_ENABLE_OBJC_WEAK = YES;
				CLANG_WARN_BLOCK_CAPTURE_AUTORELEASING = YES;
				CLANG_WARN_BOOL_CONVERSION = YES;
				CLANG_WARN_COMMA = YES;
				CLANG_WARN_CONSTANT_CONVERSION = YES;
				CLANG_WARN_DEPRECATED_OBJC_IMPLEMENTATIONS = YES;
				CLANG_WARN_DIRECT_OBJC_ISA_USAGE = YES_ERROR;
				CLANG_WARN_DOCUMENTATION_COMMENTS = YES;
				CLANG_WARN_EMPTY_BODY = YES;
				CLANG_WARN_ENUM_CONVERSION = YES;
				CLANG_WARN_INFINITE_RECURSION = YES;
				CLANG_WARN_INT_CONVERSION = YES;
				CLANG_WARN_NON_LITERAL_NULL_CONVERSION = YES;
				CLANG_WARN_OBJC_IMPLICIT_RETAIN_SELF = YES;
				CLANG_WARN_OBJC_LITERAL_CONVERSION = YES;
				CLANG_WARN_OBJC_ROOT_CLASS = YES_ERROR;
				CLANG_WARN_QUOTED_INCLUDE_IN_FRAMEWORK_HEADER = YES;
				CLANG_WARN_RANGE_LOOP_ANALYSIS = YES;
				CLANG_WARN_STRICT_PROTOTYPES = YES;
				CLANG_WARN_SUSPICIOUS_MOVE = YES;
				CLANG_WARN_UNGUARDED_AVAILABILITY = YES_AGGRESSIVE;
				CLANG_WARN_UNREACHABLE_CODE = YES;
				CLANG_WARN__DUPLICATE_METHOD_MATCH = YES;
				COPY_PHASE_STRIP = NO;
				DEBUG_INFORMATION_FORMAT = dwarf;
				ENABLE_STRICT_OBJC_MSGSEND = YES;
				ENABLE_TESTABILITY = YES;
				ENABLE_USER_SCRIPT_SANDBOXING = YES;
				GCC_C_LANGUAGE_STANDARD = gnu17;
				GCC_DYNAMIC_NO_PIC = NO;
				GCC_NO_COMMON_BLOCKS = YES;
				GCC_OPTIMIZATION_LEVEL = 0;
				GCC_PREPROCESSOR_DEFINITIONS = (
					"DEBUG=1",
					"$(inherited)",
				);
				GCC_WARN_64_TO_32_BIT_CONVERSION = YES;
				GCC_WARN_ABOUT_RETURN_TYPE = YES_ERROR;
				GCC_WARN_UNDECLARED_SELECTOR = YES;
				GCC_WARN_UNINITIALIZED_AUTOS = YES_AGGRESSIVE;
				GCC_WARN_UNUSED_FUNCTION = YES;
				GCC_WARN_UNUSED_VARIABLE = YES;
				IPHONEOS_DEPLOYMENT_TARGET = 17.2;
				LOCALIZATION_PREFERS_STRING_CATALOGS = YES;
				MTL_ENABLE_DEBUG_INFO = INCLUDE_SOURCE;
				MTL_FAST_MATH = YES;
				ONLY_ACTIVE_ARCH = YES;
				SDKROOT = iphoneos;
				SWIFT_ACTIVE_COMPILATION_CONDITIONS = "DEBUG $(inherited)";
				SWIFT_OPTIMIZATION_LEVEL = "-Onone";
			};
			name = Debug;
		};
		3F43F1782C6CF01000E98364 /* Release */ = {
			isa = XCBuildConfiguration;
			buildSettings = {
				ALWAYS_SEARCH_USER_PATHS = NO;
				ASSETCATALOG_COMPILER_GENERATE_SWIFT_ASSET_SYMBOL_EXTENSIONS = YES;
				CLANG_ANALYZER_NONNULL = YES;
				CLANG_ANALYZER_NUMBER_OBJECT_CONVERSION = YES_AGGRESSIVE;
				CLANG_CXX_LANGUAGE_STANDARD = "gnu++20";
				CLANG_ENABLE_MODULES = YES;
				CLANG_ENABLE_OBJC_ARC = YES;
				CLANG_ENABLE_OBJC_WEAK = YES;
				CLANG_WARN_BLOCK_CAPTURE_AUTORELEASING = YES;
				CLANG_WARN_BOOL_CONVERSION = YES;
				CLANG_WARN_COMMA = YES;
				CLANG_WARN_CONSTANT_CONVERSION = YES;
				CLANG_WARN_DEPRECATED_OBJC_IMPLEMENTATIONS = YES;
				CLANG_WARN_DIRECT_OBJC_ISA_USAGE = YES_ERROR;
				CLANG_WARN_DOCUMENTATION_COMMENTS = YES;
				CLANG_WARN_EMPTY_BODY = YES;
				CLANG_WARN_ENUM_CONVERSION = YES;
				CLANG_WARN_INFINITE_RECURSION = YES;
				CLANG_WARN_INT_CONVERSION = YES;
				CLANG_WARN_NON_LITERAL_NULL_CONVERSION = YES;
				CLANG_WARN_OBJC_IMPLICIT_RETAIN_SELF = YES;
				CLANG_WARN_OBJC_LITERAL_CONVERSION = YES;
				CLANG_WARN_OBJC_ROOT_CLASS = YES_ERROR;
				CLANG_WARN_QUOTED_INCLUDE_IN_FRAMEWORK_HEADER = YES;
				CLANG_WARN_RANGE_LOOP_ANALYSIS = YES;
				CLANG_WARN_STRICT_PROTOTYPES = YES;
				CLANG_WARN_SUSPICIOUS_MOVE = YES;
				CLANG_WARN_UNGUARDED_AVAILABILITY = YES_AGGRESSIVE;
				CLANG_WARN_UNREACHABLE_CODE = YES;
				CLANG_WARN__DUPLICATE_METHOD_MATCH = YES;
				COPY_PHASE_STRIP = NO;
				DEBUG_INFORMATION_FORMAT = "dwarf-with-dsym";
				ENABLE_NS_ASSERTIONS = NO;
				ENABLE_STRICT_OBJC_MSGSEND = YES;
				ENABLE_USER_SCRIPT_SANDBOXING = YES;
				GCC_C_LANGUAGE_STANDARD = gnu17;
				GCC_NO_COMMON_BLOCKS = YES;
				GCC_WARN_64_TO_32_BIT_CONVERSION = YES;
				GCC_WARN_ABOUT_RETURN_TYPE = YES_ERROR;
				GCC_WARN_UNDECLARED_SELECTOR = YES;
				GCC_WARN_UNINITIALIZED_AUTOS = YES_AGGRESSIVE;
				GCC_WARN_UNUSED_FUNCTION = YES;
				GCC_WARN_UNUSED_VARIABLE = YES;
				IPHONEOS_DEPLOYMENT_TARGET = 17.2;
				LOCALIZATION_PREFERS_STRING_CATALOGS = YES;
				MTL_ENABLE_DEBUG_INFO = NO;
				MTL_FAST_MATH = YES;
				SDKROOT = iphoneos;
				SWIFT_COMPILATION_MODE = wholemodule;
				VALIDATE_PRODUCT = YES;
			};
			name = Release;
		};
		3F43F17A2C6CF01000E98364 /* Debug */ = {
			isa = XCBuildConfiguration;
			buildSettings = {
				ASSETCATALOG_COMPILER_APPICON_NAME = AppIcon;
				ASSETCATALOG_COMPILER_GLOBAL_ACCENT_COLOR_NAME = AccentColor;
				CODE_SIGN_STYLE = Automatic;
				CURRENT_PROJECT_VERSION = 1;
				DEVELOPMENT_ASSET_PATHS = "\"firstSwiftApps/Preview Content\"";
				DEVELOPMENT_TEAM = J67UXQ8NF6;
				ENABLE_PREVIEWS = YES;
				GENERATE_INFOPLIST_FILE = YES;
				INFOPLIST_KEY_UIApplicationSceneManifest_Generation = YES;
				INFOPLIST_KEY_UIApplicationSupportsIndirectInputEvents = YES;
				INFOPLIST_KEY_UILaunchScreen_Generation = YES;
				INFOPLIST_KEY_UISupportedInterfaceOrientations_iPad = "UIInterfaceOrientationPortrait UIInterfaceOrientationPortraitUpsideDown UIInterfaceOrientationLandscapeLeft UIInterfaceOrientationLandscapeRight";
				INFOPLIST_KEY_UISupportedInterfaceOrientations_iPhone = "UIInterfaceOrientationPortrait UIInterfaceOrientationLandscapeLeft UIInterfaceOrientationLandscapeRight";
				LD_RUNPATH_SEARCH_PATHS = (
					"$(inherited)",
					"@executable_path/Frameworks",
				);
				MARKETING_VERSION = 1.0;
				PRODUCT_BUNDLE_IDENTIFIER = com.saldev.firstSwiftApps;
				PRODUCT_NAME = "$(TARGET_NAME)";
				SWIFT_EMIT_LOC_STRINGS = YES;
				SWIFT_VERSION = 5.0;
				TARGETED_DEVICE_FAMILY = "1,2";
			};
			name = Debug;
		};
		3F43F17B2C6CF01000E98364 /* Release */ = {
			isa = XCBuildConfiguration;
			buildSettings = {
				ASSETCATALOG_COMPILER_APPICON_NAME = AppIcon;
				ASSETCATALOG_COMPILER_GLOBAL_ACCENT_COLOR_NAME = AccentColor;
				CODE_SIGN_STYLE = Automatic;
				CURRENT_PROJECT_VERSION = 1;
				DEVELOPMENT_ASSET_PATHS = "\"firstSwiftApps/Preview Content\"";
				DEVELOPMENT_TEAM = J67UXQ8NF6;
				ENABLE_PREVIEWS = YES;
				GENERATE_INFOPLIST_FILE = YES;
				INFOPLIST_KEY_UIApplicationSceneManifest_Generation = YES;
				INFOPLIST_KEY_UIApplicationSupportsIndirectInputEvents = YES;
				INFOPLIST_KEY_UILaunchScreen_Generation = YES;
				INFOPLIST_KEY_UISupportedInterfaceOrientations_iPad = "UIInterfaceOrientationPortrait UIInterfaceOrientationPortraitUpsideDown UIInterfaceOrientationLandscapeLeft UIInterfaceOrientationLandscapeRight";
				INFOPLIST_KEY_UISupportedInterfaceOrientations_iPhone = "UIInterfaceOrientationPortrait UIInterfaceOrientationLandscapeLeft UIInterfaceOrientationLandscapeRight";
				LD_RUNPATH_SEARCH_PATHS = (
					"$(inherited)",
					"@executable_path/Frameworks",
				);
				MARKETING_VERSION = 1.0;
				PRODUCT_BUNDLE_IDENTIFIER = com.saldev.firstSwiftApps;
				PRODUCT_NAME = "$(TARGET_NAME)";
				SWIFT_EMIT_LOC_STRINGS = YES;
				SWIFT_VERSION = 5.0;
				TARGETED_DEVICE_FAMILY = "1,2";
			};
			name = Release;
		};
/* End XCBuildConfiguration section */

/* Begin XCConfigurationList section */
		3F43F1662C6CF00E00E98364 /* Build configuration list for PBXProject "firstSwiftApps" */ = {
			isa = XCConfigurationList;
			buildConfigurations = (
				3F43F1772C6CF01000E98364 /* Debug */,
				3F43F1782C6CF01000E98364 /* Release */,
			);
			defaultConfigurationIsVisible = 0;
			defaultConfigurationName = Release;
		};
		3F43F1792C6CF01000E98364 /* Build configuration list for PBXNativeTarget "firstSwiftApps" */ = {
			isa = XCConfigurationList;
			buildConfigurations = (
				3F43F17A2C6CF01000E98364 /* Debug */,
				3F43F17B2C6CF01000E98364 /* Release */,
			);
			defaultConfigurationIsVisible = 0;
			defaultConfigurationName = Release;
		};
/* End XCConfigurationList section */

/* Begin XCRemoteSwiftPackageReference section */
		3F43F1942C6D00B200E98364 /* XCRemoteSwiftPackageReference "url-image" */ = {
			isa = XCRemoteSwiftPackageReference;
			repositoryURL = "https://github.com/dmytro-anokhin/url-image";
			requirement = {
				kind = upToNextMajorVersion;
				minimumVersion = 3.1.1;
			};
		};
/* End XCRemoteSwiftPackageReference section */

/* Begin XCSwiftPackageProductDependency section */
		3F43F1952C6D00B200E98364 /* URLImage */ = {
			isa = XCSwiftPackageProductDependency;
			package = 3F43F1942C6D00B200E98364 /* XCRemoteSwiftPackageReference "url-image" */;
			productName = URLImage;
		};
		3F43F1972C6D00B200E98364 /* URLImageStore */ = {
			isa = XCSwiftPackageProductDependency;
			package = 3F43F1942C6D00B200E98364 /* XCRemoteSwiftPackageReference "url-image" */;
			productName = URLImageStore;
		};
/* End XCSwiftPackageProductDependency section */
	};
	rootObject = 3F43F1632C6CF00E00E98364 /* Project object */;
}
